
Microsoft Visual Studio Solution File, Format Version 12.00
# Visual Studio Version 17
VisualStudioVersion = 17.7.34024.191
MinimumVisualStudioVersion = 10.0.40219.1
Project("{FAE04EC0-301F-11D3-BF4B-00C04F79EFBC}") = "Git_test", "Git_test\Git_test.csproj", "{486798FF-BC32-4865-A558-059EEAB2A7E8}"
EndProject
Global
	GlobalSection(SolutionConfigurationPlatforms) = preSolution
		Debug|Any CPU = Debug|Any CPU
		Release|Any CPU = Release|Any CPU
	EndGlobalSection
	GlobalSection(ProjectConfigurationPlatforms) = postSolution
		{486798FF-BC32-4865-A558-059EEAB2A7E8}.Debug|Any CPU.ActiveCfg = Debug|Any CPU
		{486798FF-BC32-4865-A558-059EEAB2A7E8}.Debug|Any CPU.Build.0 = Debug|Any CPU
		{486798FF-BC32-4865-A558-059EEAB2A7E8}.Release|Any CPU.ActiveCfg = Release|Any CPU
		{486798FF-BC32-4865-A558-059EEAB2A7E8}.Release|Any CPU.Build.0 = Release|Any CPU
	EndGlobalSection
	GlobalSection(SolutionProperties) = preSolution
		HideSolutionNode = FALSE
	EndGlobalSection
	GlobalSection(ExtensibilityGlobals) = postSolution
		SolutionGuid = {76DF1A91-CD97-41BC-A9C0-3D5138493798}
	EndGlobalSection
EndGlobal
